
Microsoft Visual Studio Solution File, Format Version 12.00
# Visual Studio Version 16
VisualStudioVersion = 16.0.31727.386
MinimumVisualStudioVersion = 10.0.40219.1
Project("{9A19103F-16F7-4668-BE54-9A1E7A4F7556}") = "NEA_project", "NEA_project\NEA_project.csproj", "{101C0137-350C-45D7-8442-A3D515B49C62}"
EndProject
Global
	GlobalSection(SolutionConfigurationPlatforms) = preSolution
		Debug|Any CPU = Debug|Any CPU
		Release|Any CPU = Release|Any CPU
	EndGlobalSection
	GlobalSection(ProjectConfigurationPlatforms) = postSolution
		{101C0137-350C-45D7-8442-A3D515B49C62}.Debug|Any CPU.ActiveCfg = Debug|Any CPU
		{101C0137-350C-45D7-8442-A3D515B49C62}.Debug|Any CPU.Build.0 = Debug|Any CPU
		{101C0137-350C-45D7-8442-A3D515B49C62}.Release|Any CPU.ActiveCfg = Release|Any CPU
		{101C0137-350C-45D7-8442-A3D515B49C62}.Release|Any CPU.Build.0 = Release|Any CPU
	EndGlobalSection
	GlobalSection(SolutionProperties) = preSolution
		HideSolutionNode = FALSE
	EndGlobalSection
	GlobalSection(ExtensibilityGlobals) = postSolution
		SolutionGuid = {13BA478E-F602-4A4F-A941-75D489CDFB9E}
	EndGlobalSection
EndGlobal
